
Microsoft Visual Studio Solution File, Format Version 12.00
# Visual Studio Version 17
VisualStudioVersion = 17.1.32328.378
MinimumVisualStudioVersion = 10.0.40219.1
Project("{FAE04EC0-301F-11D3-BF4B-00C04F79EFBC}") = "CC_Plugin", "CC_Events\CC_Plugin.csproj", "{713544C9-C613-45F0-BD7E-D5E10AA6DE7C}"
	ProjectSection(ProjectDependencies) = postProject
		{8F045972-357E-4478-AB80-16D6698A2684} = {8F045972-357E-4478-AB80-16D6698A2684}
	EndProjectSection
EndProject
Project("{FAE04EC0-301F-11D3-BF4B-00C04F79EFBC}") = "DataAnalysis", "DataAnalysis\DataAnalysis.csproj", "{7BE7C9F8-0F87-451B-AF91-96E8E5187139}"
	ProjectSection(ProjectDependencies) = postProject
		{8F045972-357E-4478-AB80-16D6698A2684} = {8F045972-357E-4478-AB80-16D6698A2684}
	EndProjectSection
EndProject
Project("{2150E333-8FDC-42A3-9474-1A3956D46DE8}") = "Data", "Data", "{36C735B1-1A2D-430F-81CA-4F86923476BE}"
EndProject
Project("{FAE04EC0-301F-11D3-BF4B-00C04F79EFBC}") = "CC_Library", "CC_Library\CC_Library.csproj", "{8F045972-357E-4478-AB80-16D6698A2684}"
EndProject
Project("{2150E333-8FDC-42A3-9474-1A3956D46DE8}") = "Revit", "Revit", "{C95497A4-3A67-49CA-948D-069F427B0E70}"
EndProject
Project("{FAE04EC0-301F-11D3-BF4B-00C04F79EFBC}") = "CC_Patterns", "CC_Patterns\CC_Patterns.csproj", "{67123737-C116-496F-A20D-51DE146581CB}"
EndProject
Project("{FAE04EC0-301F-11D3-BF4B-00C04F79EFBC}") = "CC_ZeroPoint", "CC_ZeroPoint\CC_ZeroPoint.csproj", "{8A0B4390-EF45-4935-B663-B7F781F64AC9}"
EndProject
Project("{FAE04EC0-301F-11D3-BF4B-00C04F79EFBC}") = "CC_LibraryUpdater", "CC_LibraryUpdater\CC_LibraryUpdater.csproj", "{18F03683-8305-4B94-93CC-BABBD9C4A63B}"
EndProject
Global
	GlobalSection(SolutionConfigurationPlatforms) = preSolution
		Debug|Any CPU = Debug|Any CPU
		Debug|x64 = Debug|x64
		Debug|x86 = Debug|x86
		Release|Any CPU = Release|Any CPU
		Release|x64 = Release|x64
		Release|x86 = Release|x86
	EndGlobalSection
	GlobalSection(ProjectConfigurationPlatforms) = postSolution
		{713544C9-C613-45F0-BD7E-D5E10AA6DE7C}.Debug|Any CPU.ActiveCfg = Debug|Any CPU
		{713544C9-C613-45F0-BD7E-D5E10AA6DE7C}.Debug|Any CPU.Build.0 = Debug|Any CPU
		{713544C9-C613-45F0-BD7E-D5E10AA6DE7C}.Debug|x64.ActiveCfg = Debug|Any CPU
		{713544C9-C613-45F0-BD7E-D5E10AA6DE7C}.Debug|x64.Build.0 = Debug|Any CPU
		{713544C9-C613-45F0-BD7E-D5E10AA6DE7C}.Debug|x86.ActiveCfg = Debug|Any CPU
		{713544C9-C613-45F0-BD7E-D5E10AA6DE7C}.Debug|x86.Build.0 = Debug|Any CPU
		{713544C9-C613-45F0-BD7E-D5E10AA6DE7C}.Release|Any CPU.ActiveCfg = Release|Any CPU
		{713544C9-C613-45F0-BD7E-D5E10AA6DE7C}.Release|Any CPU.Build.0 = Release|Any CPU
		{713544C9-C613-45F0-BD7E-D5E10AA6DE7C}.Release|x64.ActiveCfg = Release|Any CPU
		{713544C9-C613-45F0-BD7E-D5E10AA6DE7C}.Release|x64.Build.0 = Release|Any CPU
		{713544C9-C613-45F0-BD7E-D5E10AA6DE7C}.Release|x86.ActiveCfg = Release|Any CPU
		{713544C9-C613-45F0-BD7E-D5E10AA6DE7C}.Release|x86.Build.0 = Release|Any CPU
		{7BE7C9F8-0F87-451B-AF91-96E8E5187139}.Debug|Any CPU.ActiveCfg = Debug|Any CPU
		{7BE7C9F8-0F87-451B-AF91-96E8E5187139}.Debug|Any CPU.Build.0 = Debug|Any CPU
		{7BE7C9F8-0F87-451B-AF91-96E8E5187139}.Debug|x64.ActiveCfg = Debug|Any CPU
		{7BE7C9F8-0F87-451B-AF91-96E8E5187139}.Debug|x64.Build.0 = Debug|Any CPU
		{7BE7C9F8-0F87-451B-AF91-96E8E5187139}.Debug|x86.ActiveCfg = Debug|Any CPU
		{7BE7C9F8-0F87-451B-AF91-96E8E5187139}.Debug|x86.Build.0 = Debug|Any CPU
		{7BE7C9F8-0F87-451B-AF91-96E8E5187139}.Release|Any CPU.ActiveCfg = Release|Any CPU
		{7BE7C9F8-0F87-451B-AF91-96E8E5187139}.Release|Any CPU.Build.0 = Release|Any CPU
		{7BE7C9F8-0F87-451B-AF91-96E8E5187139}.Release|x64.ActiveCfg = Release|Any CPU
		{7BE7C9F8-0F87-451B-AF91-96E8E5187139}.Release|x64.Build.0 = Release|Any CPU
		{7BE7C9F8-0F87-451B-AF91-96E8E5187139}.Release|x86.ActiveCfg = Release|Any CPU
		{7BE7C9F8-0F87-451B-AF91-96E8E5187139}.Release|x86.Build.0 = Release|Any CPU
		{8F045972-357E-4478-AB80-16D6698A2684}.Debug|Any CPU.ActiveCfg = Debug|Any CPU
		{8F045972-357E-4478-AB80-16D6698A2684}.Debug|Any CPU.Build.0 = Debug|Any CPU
		{8F045972-357E-4478-AB80-16D6698A2684}.Debug|x64.ActiveCfg = Debug|Any CPU
		{8F045972-357E-4478-AB80-16D6698A2684}.Debug|x64.Build.0 = Debug|Any CPU
		{8F045972-357E-4478-AB80-16D6698A2684}.Debug|x86.ActiveCfg = Debug|Any CPU
		{8F045972-357E-4478-AB80-16D6698A2684}.Debug|x86.Build.0 = Debug|Any CPU
		{8F045972-357E-4478-AB80-16D6698A2684}.Release|Any CPU.ActiveCfg = Release|Any CPU
		{8F045972-357E-4478-AB80-16D6698A2684}.Release|Any CPU.Build.0 = Release|Any CPU
		{8F045972-357E-4478-AB80-16D6698A2684}.Release|x64.ActiveCfg = Release|Any CPU
		{8F045972-357E-4478-AB80-16D6698A2684}.Release|x64.Build.0 = Release|Any CPU
		{8F045972-357E-4478-AB80-16D6698A2684}.Release|x86.ActiveCfg = Release|Any CPU
		{8F045972-357E-4478-AB80-16D6698A2684}.Release|x86.Build.0 = Release|Any CPU
		{67123737-C116-496F-A20D-51DE146581CB}.Debug|Any CPU.ActiveCfg = Debug|Any CPU
		{67123737-C116-496F-A20D-51DE146581CB}.Debug|Any CPU.Build.0 = Debug|Any CPU
		{67123737-C116-496F-A20D-51DE146581CB}.Debug|x64.ActiveCfg = Debug|Any CPU
		{67123737-C116-496F-A20D-51DE146581CB}.Debug|x64.Build.0 = Debug|Any CPU
		{67123737-C116-496F-A20D-51DE146581CB}.Debug|x86.ActiveCfg = Debug|Any CPU
		{67123737-C116-496F-A20D-51DE146581CB}.Debug|x86.Build.0 = Debug|Any CPU
		{67123737-C116-496F-A20D-51DE146581CB}.Release|Any CPU.ActiveCfg = Release|Any CPU
		{67123737-C116-496F-A20D-51DE146581CB}.Release|Any CPU.Build.0 = Release|Any CPU
		{67123737-C116-496F-A20D-51DE146581CB}.Release|x64.ActiveCfg = Release|Any CPU
		{67123737-C116-496F-A20D-51DE146581CB}.Release|x64.Build.0 = Release|Any CPU
		{67123737-C116-496F-A20D-51DE146581CB}.Release|x86.ActiveCfg = Release|Any CPU
		{67123737-C116-496F-A20D-51DE146581CB}.Release|x86.Build.0 = Release|Any CPU
		{8A0B4390-EF45-4935-B663-B7F781F64AC9}.Debug|Any CPU.ActiveCfg = Debug|Any CPU
		{8A0B4390-EF45-4935-B663-B7F781F64AC9}.Debug|Any CPU.Build.0 = Debug|Any CPU
		{8A0B4390-EF45-4935-B663-B7F781F64AC9}.Debug|x64.ActiveCfg = Debug|Any CPU
		{8A0B4390-EF45-4935-B663-B7F781F64AC9}.Debug|x64.Build.0 = Debug|Any CPU
		{8A0B4390-EF45-4935-B663-B7F781F64AC9}.Debug|x86.ActiveCfg = Debug|Any CPU
		{8A0B4390-EF45-4935-B663-B7F781F64AC9}.Debug|x86.Build.0 = Debug|Any CPU
		{8A0B4390-EF45-4935-B663-B7F781F64AC9}.Release|Any CPU.ActiveCfg = Release|Any CPU
		{8A0B4390-EF45-4935-B663-B7F781F64AC9}.Release|Any CPU.Build.0 = Release|Any CPU
		{8A0B4390-EF45-4935-B663-B7F781F64AC9}.Release|x64.ActiveCfg = Release|Any CPU
		{8A0B4390-EF45-4935-B663-B7F781F64AC9}.Release|x64.Build.0 = Release|Any CPU
		{8A0B4390-EF45-4935-B663-B7F781F64AC9}.Release|x86.ActiveCfg = Release|Any CPU
		{8A0B4390-EF45-4935-B663-B7F781F64AC9}.Release|x86.Build.0 = Release|Any CPU
		{18F03683-8305-4B94-93CC-BABBD9C4A63B}.Debug|Any CPU.ActiveCfg = Debug|Any CPU
		{18F03683-8305-4B94-93CC-BABBD9C4A63B}.Debug|Any CPU.Build.0 = Debug|Any CPU
		{18F03683-8305-4B94-93CC-BABBD9C4A63B}.Debug|x64.ActiveCfg = Debug|Any CPU
		{18F03683-8305-4B94-93CC-BABBD9C4A63B}.Debug|x64.Build.0 = Debug|Any CPU
		{18F03683-8305-4B94-93CC-BABBD9C4A63B}.Debug|x86.ActiveCfg = Debug|Any CPU
		{18F03683-8305-4B94-93CC-BABBD9C4A63B}.Debug|x86.Build.0 = Debug|Any CPU
		{18F03683-8305-4B94-93CC-BABBD9C4A63B}.Release|Any CPU.ActiveCfg = Release|Any CPU
		{18F03683-8305-4B94-93CC-BABBD9C4A63B}.Release|Any CPU.Build.0 = Release|Any CPU
		{18F03683-8305-4B94-93CC-BABBD9C4A63B}.Release|x64.ActiveCfg = Release|Any CPU
		{18F03683-8305-4B94-93CC-BABBD9C4A63B}.Release|x64.Build.0 = Release|Any CPU
		{18F03683-8305-4B94-93CC-BABBD9C4A63B}.Release|x86.ActiveCfg = Release|Any CPU
		{18F03683-8305-4B94-93CC-BABBD9C4A63B}.Release|x86.Build.0 = Release|Any CPU
	EndGlobalSection
	GlobalSection(SolutionProperties) = preSolution
		HideSolutionNode = FALSE
	EndGlobalSection
	GlobalSection(NestedProjects) = preSolution
		{713544C9-C613-45F0-BD7E-D5E10AA6DE7C} = {C95497A4-3A67-49CA-948D-069F427B0E70}
		{7BE7C9F8-0F87-451B-AF91-96E8E5187139} = {36C735B1-1A2D-430F-81CA-4F86923476BE}
		{67123737-C116-496F-A20D-51DE146581CB} = {C95497A4-3A67-49CA-948D-069F427B0E70}
		{8A0B4390-EF45-4935-B663-B7F781F64AC9} = {C95497A4-3A67-49CA-948D-069F427B0E70}
		{18F03683-8305-4B94-93CC-BABBD9C4A63B} = {C95497A4-3A67-49CA-948D-069F427B0E70}
	EndGlobalSection
	GlobalSection(ExtensibilityGlobals) = postSolution
		SolutionGuid = {56F8FA72-0493-42CD-8D59-E8B625B97271}
	EndGlobalSection
EndGlobal
