
Microsoft Visual Studio Solution File, Format Version 12.00
# Visual Studio Version 16
VisualStudioVersion = 16.0.31129.286
MinimumVisualStudioVersion = 10.0.40219.1
Project("{FAE04EC0-301F-11D3-BF4B-00C04F79EFBC}") = "CC_Plugin", "CC_Events\CC_Plugin.csproj", "{713544C9-C613-45F0-BD7E-D5E10AA6DE7C}"
	ProjectSection(ProjectDependencies) = postProject
		{8F045972-357E-4478-AB80-16D6698A2684} = {8F045972-357E-4478-AB80-16D6698A2684}
	EndProjectSection
EndProject
Project("{2150E333-8FDC-42A3-9474-1A3956D46DE8}") = "Toolbar", "Toolbar", "{A0669FAE-4A9E-46F0-8CCF-BB553B87C5CF}"
EndProject
Project("{FAE04EC0-301F-11D3-BF4B-00C04F79EFBC}") = "DataAnalysis", "DataAnalysis\DataAnalysis.csproj", "{7BE7C9F8-0F87-451B-AF91-96E8E5187139}"
	ProjectSection(ProjectDependencies) = postProject
		{8F045972-357E-4478-AB80-16D6698A2684} = {8F045972-357E-4478-AB80-16D6698A2684}
	EndProjectSection
EndProject
Project("{2150E333-8FDC-42A3-9474-1A3956D46DE8}") = "Data", "Data", "{36C735B1-1A2D-430F-81CA-4F86923476BE}"
EndProject
Project("{FAE04EC0-301F-11D3-BF4B-00C04F79EFBC}") = "CC_Library", "CC_Library\CC_Library.csproj", "{8F045972-357E-4478-AB80-16D6698A2684}"
EndProject
Project("{FAE04EC0-301F-11D3-BF4B-00C04F79EFBC}") = "CC_CeilingTypes", "CC_CeilingTypes\CC_CeilingTypes.csproj", "{F85BB7DA-2407-4332-8EF5-55A3F09AAEFF}"
EndProject
Project("{FAE04EC0-301F-11D3-BF4B-00C04F79EFBC}") = "Symbols", "Symbols\Symbols.csproj", "{7EE4598F-548A-4F0E-A78E-90026E0448AB}"
EndProject
Project("{2150E333-8FDC-42A3-9474-1A3956D46DE8}") = "_Updater", "_Updater", "{59014F79-DD4A-4012-B4BE-23AB8BBE5850}"
EndProject
Project("{2150E333-8FDC-42A3-9474-1A3956D46DE8}") = "Revit", "Revit", "{C95497A4-3A67-49CA-948D-069F427B0E70}"
EndProject
Project("{FAE04EC0-301F-11D3-BF4B-00C04F79EFBC}") = "CC_RevitBasics", "CC_RevitBasics\CC_RevitBasics.csproj", "{EBB8B96F-72FC-404B-9681-2362F823ED6F}"
EndProject
Project("{FAE04EC0-301F-11D3-BF4B-00C04F79EFBC}") = "CC_Updater", "CC_Updater\CC_Updater\CC_Updater.csproj", "{6FBCCB17-BD2B-4FFE-BE27-E88F363B31C7}"
EndProject
Project("{9A19103F-16F7-4668-BE54-9A1E7A4F7556}") = "Doors", "Doors\Doors.csproj", "{1EBA15CD-DE6F-4B9E-B854-001B1824324A}"
EndProject
Global
	GlobalSection(SolutionConfigurationPlatforms) = preSolution
		Debug|Any CPU = Debug|Any CPU
		Debug|x64 = Debug|x64
		Debug|x86 = Debug|x86
		Release|Any CPU = Release|Any CPU
		Release|x64 = Release|x64
		Release|x86 = Release|x86
	EndGlobalSection
	GlobalSection(ProjectConfigurationPlatforms) = postSolution
		{713544C9-C613-45F0-BD7E-D5E10AA6DE7C}.Debug|Any CPU.ActiveCfg = Debug|Any CPU
		{713544C9-C613-45F0-BD7E-D5E10AA6DE7C}.Debug|Any CPU.Build.0 = Debug|Any CPU
		{713544C9-C613-45F0-BD7E-D5E10AA6DE7C}.Debug|x64.ActiveCfg = Debug|Any CPU
		{713544C9-C613-45F0-BD7E-D5E10AA6DE7C}.Debug|x64.Build.0 = Debug|Any CPU
		{713544C9-C613-45F0-BD7E-D5E10AA6DE7C}.Debug|x86.ActiveCfg = Debug|Any CPU
		{713544C9-C613-45F0-BD7E-D5E10AA6DE7C}.Debug|x86.Build.0 = Debug|Any CPU
		{713544C9-C613-45F0-BD7E-D5E10AA6DE7C}.Release|Any CPU.ActiveCfg = Release|Any CPU
		{713544C9-C613-45F0-BD7E-D5E10AA6DE7C}.Release|Any CPU.Build.0 = Release|Any CPU
		{713544C9-C613-45F0-BD7E-D5E10AA6DE7C}.Release|x64.ActiveCfg = Release|Any CPU
		{713544C9-C613-45F0-BD7E-D5E10AA6DE7C}.Release|x64.Build.0 = Release|Any CPU
		{713544C9-C613-45F0-BD7E-D5E10AA6DE7C}.Release|x86.ActiveCfg = Release|Any CPU
		{713544C9-C613-45F0-BD7E-D5E10AA6DE7C}.Release|x86.Build.0 = Release|Any CPU
		{7BE7C9F8-0F87-451B-AF91-96E8E5187139}.Debug|Any CPU.ActiveCfg = Debug|Any CPU
		{7BE7C9F8-0F87-451B-AF91-96E8E5187139}.Debug|Any CPU.Build.0 = Debug|Any CPU
		{7BE7C9F8-0F87-451B-AF91-96E8E5187139}.Debug|x64.ActiveCfg = Debug|Any CPU
		{7BE7C9F8-0F87-451B-AF91-96E8E5187139}.Debug|x64.Build.0 = Debug|Any CPU
		{7BE7C9F8-0F87-451B-AF91-96E8E5187139}.Debug|x86.ActiveCfg = Debug|Any CPU
		{7BE7C9F8-0F87-451B-AF91-96E8E5187139}.Debug|x86.Build.0 = Debug|Any CPU
		{7BE7C9F8-0F87-451B-AF91-96E8E5187139}.Release|Any CPU.ActiveCfg = Release|Any CPU
		{7BE7C9F8-0F87-451B-AF91-96E8E5187139}.Release|Any CPU.Build.0 = Release|Any CPU
		{7BE7C9F8-0F87-451B-AF91-96E8E5187139}.Release|x64.ActiveCfg = Release|Any CPU
		{7BE7C9F8-0F87-451B-AF91-96E8E5187139}.Release|x64.Build.0 = Release|Any CPU
		{7BE7C9F8-0F87-451B-AF91-96E8E5187139}.Release|x86.ActiveCfg = Release|Any CPU
		{7BE7C9F8-0F87-451B-AF91-96E8E5187139}.Release|x86.Build.0 = Release|Any CPU
		{8F045972-357E-4478-AB80-16D6698A2684}.Debug|Any CPU.ActiveCfg = Debug|Any CPU
		{8F045972-357E-4478-AB80-16D6698A2684}.Debug|Any CPU.Build.0 = Debug|Any CPU
		{8F045972-357E-4478-AB80-16D6698A2684}.Debug|x64.ActiveCfg = Debug|Any CPU
		{8F045972-357E-4478-AB80-16D6698A2684}.Debug|x64.Build.0 = Debug|Any CPU
		{8F045972-357E-4478-AB80-16D6698A2684}.Debug|x86.ActiveCfg = Debug|Any CPU
		{8F045972-357E-4478-AB80-16D6698A2684}.Debug|x86.Build.0 = Debug|Any CPU
		{8F045972-357E-4478-AB80-16D6698A2684}.Release|Any CPU.ActiveCfg = Release|Any CPU
		{8F045972-357E-4478-AB80-16D6698A2684}.Release|Any CPU.Build.0 = Release|Any CPU
		{8F045972-357E-4478-AB80-16D6698A2684}.Release|x64.ActiveCfg = Release|Any CPU
		{8F045972-357E-4478-AB80-16D6698A2684}.Release|x64.Build.0 = Release|Any CPU
		{8F045972-357E-4478-AB80-16D6698A2684}.Release|x86.ActiveCfg = Release|Any CPU
		{8F045972-357E-4478-AB80-16D6698A2684}.Release|x86.Build.0 = Release|Any CPU
		{F85BB7DA-2407-4332-8EF5-55A3F09AAEFF}.Debug|Any CPU.ActiveCfg = Debug|Any CPU
		{F85BB7DA-2407-4332-8EF5-55A3F09AAEFF}.Debug|Any CPU.Build.0 = Debug|Any CPU
		{F85BB7DA-2407-4332-8EF5-55A3F09AAEFF}.Debug|x64.ActiveCfg = Debug|Any CPU
		{F85BB7DA-2407-4332-8EF5-55A3F09AAEFF}.Debug|x64.Build.0 = Debug|Any CPU
		{F85BB7DA-2407-4332-8EF5-55A3F09AAEFF}.Debug|x86.ActiveCfg = Debug|Any CPU
		{F85BB7DA-2407-4332-8EF5-55A3F09AAEFF}.Debug|x86.Build.0 = Debug|Any CPU
		{F85BB7DA-2407-4332-8EF5-55A3F09AAEFF}.Release|Any CPU.ActiveCfg = Release|Any CPU
		{F85BB7DA-2407-4332-8EF5-55A3F09AAEFF}.Release|Any CPU.Build.0 = Release|Any CPU
		{F85BB7DA-2407-4332-8EF5-55A3F09AAEFF}.Release|x64.ActiveCfg = Release|Any CPU
		{F85BB7DA-2407-4332-8EF5-55A3F09AAEFF}.Release|x64.Build.0 = Release|Any CPU
		{F85BB7DA-2407-4332-8EF5-55A3F09AAEFF}.Release|x86.ActiveCfg = Release|Any CPU
		{F85BB7DA-2407-4332-8EF5-55A3F09AAEFF}.Release|x86.Build.0 = Release|Any CPU
		{7EE4598F-548A-4F0E-A78E-90026E0448AB}.Debug|Any CPU.ActiveCfg = Debug|Any CPU
		{7EE4598F-548A-4F0E-A78E-90026E0448AB}.Debug|Any CPU.Build.0 = Debug|Any CPU
		{7EE4598F-548A-4F0E-A78E-90026E0448AB}.Debug|x64.ActiveCfg = Debug|Any CPU
		{7EE4598F-548A-4F0E-A78E-90026E0448AB}.Debug|x64.Build.0 = Debug|Any CPU
		{7EE4598F-548A-4F0E-A78E-90026E0448AB}.Debug|x86.ActiveCfg = Debug|Any CPU
		{7EE4598F-548A-4F0E-A78E-90026E0448AB}.Debug|x86.Build.0 = Debug|Any CPU
		{7EE4598F-548A-4F0E-A78E-90026E0448AB}.Release|Any CPU.ActiveCfg = Release|Any CPU
		{7EE4598F-548A-4F0E-A78E-90026E0448AB}.Release|Any CPU.Build.0 = Release|Any CPU
		{7EE4598F-548A-4F0E-A78E-90026E0448AB}.Release|x64.ActiveCfg = Release|Any CPU
		{7EE4598F-548A-4F0E-A78E-90026E0448AB}.Release|x64.Build.0 = Release|Any CPU
		{7EE4598F-548A-4F0E-A78E-90026E0448AB}.Release|x86.ActiveCfg = Release|Any CPU
		{7EE4598F-548A-4F0E-A78E-90026E0448AB}.Release|x86.Build.0 = Release|Any CPU
		{EBB8B96F-72FC-404B-9681-2362F823ED6F}.Debug|Any CPU.ActiveCfg = Debug|Any CPU
		{EBB8B96F-72FC-404B-9681-2362F823ED6F}.Debug|Any CPU.Build.0 = Debug|Any CPU
		{EBB8B96F-72FC-404B-9681-2362F823ED6F}.Debug|x64.ActiveCfg = Debug|Any CPU
		{EBB8B96F-72FC-404B-9681-2362F823ED6F}.Debug|x64.Build.0 = Debug|Any CPU
		{EBB8B96F-72FC-404B-9681-2362F823ED6F}.Debug|x86.ActiveCfg = Debug|Any CPU
		{EBB8B96F-72FC-404B-9681-2362F823ED6F}.Debug|x86.Build.0 = Debug|Any CPU
		{EBB8B96F-72FC-404B-9681-2362F823ED6F}.Release|Any CPU.ActiveCfg = Release|Any CPU
		{EBB8B96F-72FC-404B-9681-2362F823ED6F}.Release|Any CPU.Build.0 = Release|Any CPU
		{EBB8B96F-72FC-404B-9681-2362F823ED6F}.Release|x64.ActiveCfg = Release|Any CPU
		{EBB8B96F-72FC-404B-9681-2362F823ED6F}.Release|x64.Build.0 = Release|Any CPU
		{EBB8B96F-72FC-404B-9681-2362F823ED6F}.Release|x86.ActiveCfg = Release|Any CPU
		{EBB8B96F-72FC-404B-9681-2362F823ED6F}.Release|x86.Build.0 = Release|Any CPU
		{6FBCCB17-BD2B-4FFE-BE27-E88F363B31C7}.Debug|Any CPU.ActiveCfg = Debug|Any CPU
		{6FBCCB17-BD2B-4FFE-BE27-E88F363B31C7}.Debug|Any CPU.Build.0 = Debug|Any CPU
		{6FBCCB17-BD2B-4FFE-BE27-E88F363B31C7}.Debug|x64.ActiveCfg = Debug|Any CPU
		{6FBCCB17-BD2B-4FFE-BE27-E88F363B31C7}.Debug|x64.Build.0 = Debug|Any CPU
		{6FBCCB17-BD2B-4FFE-BE27-E88F363B31C7}.Debug|x86.ActiveCfg = Debug|Any CPU
		{6FBCCB17-BD2B-4FFE-BE27-E88F363B31C7}.Debug|x86.Build.0 = Debug|Any CPU
		{6FBCCB17-BD2B-4FFE-BE27-E88F363B31C7}.Release|Any CPU.ActiveCfg = Release|Any CPU
		{6FBCCB17-BD2B-4FFE-BE27-E88F363B31C7}.Release|Any CPU.Build.0 = Release|Any CPU
		{6FBCCB17-BD2B-4FFE-BE27-E88F363B31C7}.Release|x64.ActiveCfg = Release|Any CPU
		{6FBCCB17-BD2B-4FFE-BE27-E88F363B31C7}.Release|x64.Build.0 = Release|Any CPU
		{6FBCCB17-BD2B-4FFE-BE27-E88F363B31C7}.Release|x86.ActiveCfg = Release|Any CPU
		{6FBCCB17-BD2B-4FFE-BE27-E88F363B31C7}.Release|x86.Build.0 = Release|Any CPU
		{1EBA15CD-DE6F-4B9E-B854-001B1824324A}.Debug|Any CPU.ActiveCfg = Debug|Any CPU
		{1EBA15CD-DE6F-4B9E-B854-001B1824324A}.Debug|Any CPU.Build.0 = Debug|Any CPU
		{1EBA15CD-DE6F-4B9E-B854-001B1824324A}.Debug|x64.ActiveCfg = Debug|Any CPU
		{1EBA15CD-DE6F-4B9E-B854-001B1824324A}.Debug|x64.Build.0 = Debug|Any CPU
		{1EBA15CD-DE6F-4B9E-B854-001B1824324A}.Debug|x86.ActiveCfg = Debug|Any CPU
		{1EBA15CD-DE6F-4B9E-B854-001B1824324A}.Debug|x86.Build.0 = Debug|Any CPU
		{1EBA15CD-DE6F-4B9E-B854-001B1824324A}.Release|Any CPU.ActiveCfg = Release|Any CPU
		{1EBA15CD-DE6F-4B9E-B854-001B1824324A}.Release|Any CPU.Build.0 = Release|Any CPU
		{1EBA15CD-DE6F-4B9E-B854-001B1824324A}.Release|x64.ActiveCfg = Release|Any CPU
		{1EBA15CD-DE6F-4B9E-B854-001B1824324A}.Release|x64.Build.0 = Release|Any CPU
		{1EBA15CD-DE6F-4B9E-B854-001B1824324A}.Release|x86.ActiveCfg = Release|Any CPU
		{1EBA15CD-DE6F-4B9E-B854-001B1824324A}.Release|x86.Build.0 = Release|Any CPU
	EndGlobalSection
	GlobalSection(SolutionProperties) = preSolution
		HideSolutionNode = FALSE
	EndGlobalSection
	GlobalSection(NestedProjects) = preSolution
		{713544C9-C613-45F0-BD7E-D5E10AA6DE7C} = {A0669FAE-4A9E-46F0-8CCF-BB553B87C5CF}
		{A0669FAE-4A9E-46F0-8CCF-BB553B87C5CF} = {C95497A4-3A67-49CA-948D-069F427B0E70}
		{7BE7C9F8-0F87-451B-AF91-96E8E5187139} = {36C735B1-1A2D-430F-81CA-4F86923476BE}
		{F85BB7DA-2407-4332-8EF5-55A3F09AAEFF} = {A0669FAE-4A9E-46F0-8CCF-BB553B87C5CF}
		{7EE4598F-548A-4F0E-A78E-90026E0448AB} = {A0669FAE-4A9E-46F0-8CCF-BB553B87C5CF}
		{EBB8B96F-72FC-404B-9681-2362F823ED6F} = {C95497A4-3A67-49CA-948D-069F427B0E70}
		{6FBCCB17-BD2B-4FFE-BE27-E88F363B31C7} = {59014F79-DD4A-4012-B4BE-23AB8BBE5850}
		{1EBA15CD-DE6F-4B9E-B854-001B1824324A} = {A0669FAE-4A9E-46F0-8CCF-BB553B87C5CF}
	EndGlobalSection
	GlobalSection(ExtensibilityGlobals) = postSolution
		SolutionGuid = {56F8FA72-0493-42CD-8D59-E8B625B97271}
	EndGlobalSection
EndGlobal
